
Microsoft Visual Studio Solution File, Format Version 12.00
# Visual Studio Version 17
VisualStudioVersion = 17.1.32210.238
MinimumVisualStudioVersion = 10.0.40219.1
Project("{FAE04EC0-301F-11D3-BF4B-00C04F79EFBC}") = "webApiV2", "webApiV2\webApiV2.csproj", "{B45C9AFF-9FEA-40FA-BC28-E13BC27512D6}"
EndProject
Global
	GlobalSection(SolutionConfigurationPlatforms) = preSolution
		Debug|Any CPU = Debug|Any CPU
		Release|Any CPU = Release|Any CPU
	EndGlobalSection
	GlobalSection(ProjectConfigurationPlatforms) = postSolution
		{B45C9AFF-9FEA-40FA-BC28-E13BC27512D6}.Debug|Any CPU.ActiveCfg = Debug|Any CPU
		{B45C9AFF-9FEA-40FA-BC28-E13BC27512D6}.Debug|Any CPU.Build.0 = Debug|Any CPU
		{B45C9AFF-9FEA-40FA-BC28-E13BC27512D6}.Release|Any CPU.ActiveCfg = Release|Any CPU
		{B45C9AFF-9FEA-40FA-BC28-E13BC27512D6}.Release|Any CPU.Build.0 = Release|Any CPU
	EndGlobalSection
	GlobalSection(SolutionProperties) = preSolution
		HideSolutionNode = FALSE
	EndGlobalSection
	GlobalSection(ExtensibilityGlobals) = postSolution
		SolutionGuid = {1FF60539-B6A0-483C-B1FA-495A4FD19502}
	EndGlobalSection
EndGlobal
